
Microsoft Visual Studio Solution File, Format Version 12.00
# Visual Studio Version 17
VisualStudioVersion = 17.7.34009.444
MinimumVisualStudioVersion = 10.0.40219.1
Project("{FAE04EC0-301F-11D3-BF4B-00C04F79EFBC}") = "EmpowerIdTest", "EmpowerIdTest.csproj", "{1C4495B8-7413-4A04-A8BF-C75B08FAA22E}"
EndProject
Global
	GlobalSection(SolutionConfigurationPlatforms) = preSolution
		Debug|Any CPU = Debug|Any CPU
		Release|Any CPU = Release|Any CPU
	EndGlobalSection
	GlobalSection(ProjectConfigurationPlatforms) = postSolution
		{1C4495B8-7413-4A04-A8BF-C75B08FAA22E}.Debug|Any CPU.ActiveCfg = Debug|Any CPU
		{1C4495B8-7413-4A04-A8BF-C75B08FAA22E}.Debug|Any CPU.Build.0 = Debug|Any CPU
		{1C4495B8-7413-4A04-A8BF-C75B08FAA22E}.Release|Any CPU.ActiveCfg = Release|Any CPU
		{1C4495B8-7413-4A04-A8BF-C75B08FAA22E}.Release|Any CPU.Build.0 = Release|Any CPU
	EndGlobalSection
	GlobalSection(SolutionProperties) = preSolution
		HideSolutionNode = FALSE
	EndGlobalSection
	GlobalSection(ExtensibilityGlobals) = postSolution
		SolutionGuid = {8786BF50-46F3-407A-A646-8974EFA43B52}
	EndGlobalSection
EndGlobal
